
Microsoft Visual Studio Solution File, Format Version 12.00
# Visual Studio Version 17
VisualStudioVersion = 17.1.32421.90
MinimumVisualStudioVersion = 10.0.40219.1
Project("{FAE04EC0-301F-11D3-BF4B-00C04F79EFBC}") = "1-2-typesApp", "1-2-typesApp.csproj", "{86CE155A-179D-49C5-A29A-D6281C24EAC2}"
EndProject
Global
	GlobalSection(SolutionConfigurationPlatforms) = preSolution
		Debug|Any CPU = Debug|Any CPU
		Release|Any CPU = Release|Any CPU
	EndGlobalSection
	GlobalSection(ProjectConfigurationPlatforms) = postSolution
		{86CE155A-179D-49C5-A29A-D6281C24EAC2}.Debug|Any CPU.ActiveCfg = Debug|Any CPU
		{86CE155A-179D-49C5-A29A-D6281C24EAC2}.Debug|Any CPU.Build.0 = Debug|Any CPU
		{86CE155A-179D-49C5-A29A-D6281C24EAC2}.Release|Any CPU.ActiveCfg = Release|Any CPU
		{86CE155A-179D-49C5-A29A-D6281C24EAC2}.Release|Any CPU.Build.0 = Release|Any CPU
	EndGlobalSection
	GlobalSection(SolutionProperties) = preSolution
		HideSolutionNode = FALSE
	EndGlobalSection
	GlobalSection(ExtensibilityGlobals) = postSolution
		SolutionGuid = {3C4C863C-E200-44DA-B6B1-F4F9F4E8E727}
	EndGlobalSection
EndGlobal
